
Microsoft Visual Studio Solution File, Format Version 12.00
# Visual Studio 15
VisualStudioVersion = 15.0.28010.2003
MinimumVisualStudioVersion = 10.0.40219.1
Project("{FAE04EC0-301F-11D3-BF4B-00C04F79EFBC}") = "SimpleWpfApp", "SimpleWpfApp\SimpleWpfApp.csproj", "{E2C69E1A-49D1-432B-8B5F-80FEF71955A0}"
EndProject
Project("{C7167F0D-BC9F-4E6E-AFE1-012C56B48DB5}") = "SimpleWpfAppPackaging", "SimpleWpfAppPackaging\SimpleWpfAppPackaging.wapproj", "{FEA738B3-0622-4502-9FF3-DC645CFD117B}"
EndProject
Project("{FAE04EC0-301F-11D3-BF4B-00C04F79EFBC}") = "AutoLaunchApp", "AutoLaunchApp\AutoLaunchApp.csproj", "{32CE6346-0DF2-4E95-AC20-84534C841CA9}"
EndProject
Project("{C7167F0D-BC9F-4E6E-AFE1-012C56B48DB5}") = "AutoLaunchPackaging", "AutoLaunchPackaging\AutoLaunchPackaging.wapproj", "{B6E59F67-A27B-434A-81E9-42FA4E352C26}"
EndProject
Global
	GlobalSection(SolutionConfigurationPlatforms) = preSolution
		Debug|Any CPU = Debug|Any CPU
		Debug|ARM = Debug|ARM
		Debug|x64 = Debug|x64
		Debug|x86 = Debug|x86
		Release|Any CPU = Release|Any CPU
		Release|ARM = Release|ARM
		Release|x64 = Release|x64
		Release|x86 = Release|x86
	EndGlobalSection
	GlobalSection(ProjectConfigurationPlatforms) = postSolution
		{E2C69E1A-49D1-432B-8B5F-80FEF71955A0}.Debug|Any CPU.ActiveCfg = Debug|Any CPU
		{E2C69E1A-49D1-432B-8B5F-80FEF71955A0}.Debug|Any CPU.Build.0 = Debug|Any CPU
		{E2C69E1A-49D1-432B-8B5F-80FEF71955A0}.Debug|ARM.ActiveCfg = Debug|Any CPU
		{E2C69E1A-49D1-432B-8B5F-80FEF71955A0}.Debug|ARM.Build.0 = Debug|Any CPU
		{E2C69E1A-49D1-432B-8B5F-80FEF71955A0}.Debug|x64.ActiveCfg = Debug|Any CPU
		{E2C69E1A-49D1-432B-8B5F-80FEF71955A0}.Debug|x64.Build.0 = Debug|Any CPU
		{E2C69E1A-49D1-432B-8B5F-80FEF71955A0}.Debug|x86.ActiveCfg = Debug|Any CPU
		{E2C69E1A-49D1-432B-8B5F-80FEF71955A0}.Debug|x86.Build.0 = Debug|Any CPU
		{E2C69E1A-49D1-432B-8B5F-80FEF71955A0}.Release|Any CPU.ActiveCfg = Release|Any CPU
		{E2C69E1A-49D1-432B-8B5F-80FEF71955A0}.Release|Any CPU.Build.0 = Release|Any CPU
		{E2C69E1A-49D1-432B-8B5F-80FEF71955A0}.Release|ARM.ActiveCfg = Release|Any CPU
		{E2C69E1A-49D1-432B-8B5F-80FEF71955A0}.Release|ARM.Build.0 = Release|Any CPU
		{E2C69E1A-49D1-432B-8B5F-80FEF71955A0}.Release|x64.ActiveCfg = Release|Any CPU
		{E2C69E1A-49D1-432B-8B5F-80FEF71955A0}.Release|x64.Build.0 = Release|Any CPU
		{E2C69E1A-49D1-432B-8B5F-80FEF71955A0}.Release|x86.ActiveCfg = Release|Any CPU
		{E2C69E1A-49D1-432B-8B5F-80FEF71955A0}.Release|x86.Build.0 = Release|Any CPU
		{FEA738B3-0622-4502-9FF3-DC645CFD117B}.Debug|Any CPU.ActiveCfg = Debug|Any CPU
		{FEA738B3-0622-4502-9FF3-DC645CFD117B}.Debug|Any CPU.Build.0 = Debug|Any CPU
		{FEA738B3-0622-4502-9FF3-DC645CFD117B}.Debug|Any CPU.Deploy.0 = Debug|Any CPU
		{FEA738B3-0622-4502-9FF3-DC645CFD117B}.Debug|ARM.ActiveCfg = Debug|Any CPU
		{FEA738B3-0622-4502-9FF3-DC645CFD117B}.Debug|ARM.Build.0 = Debug|Any CPU
		{FEA738B3-0622-4502-9FF3-DC645CFD117B}.Debug|ARM.Deploy.0 = Debug|Any CPU
		{FEA738B3-0622-4502-9FF3-DC645CFD117B}.Debug|x64.ActiveCfg = Debug|x64
		{FEA738B3-0622-4502-9FF3-DC645CFD117B}.Debug|x64.Build.0 = Debug|x64
		{FEA738B3-0622-4502-9FF3-DC645CFD117B}.Debug|x64.Deploy.0 = Debug|x64
		{FEA738B3-0622-4502-9FF3-DC645CFD117B}.Debug|x86.ActiveCfg = Debug|x86
		{FEA738B3-0622-4502-9FF3-DC645CFD117B}.Debug|x86.Build.0 = Debug|x86
		{FEA738B3-0622-4502-9FF3-DC645CFD117B}.Debug|x86.Deploy.0 = Debug|x86
		{FEA738B3-0622-4502-9FF3-DC645CFD117B}.Release|Any CPU.ActiveCfg = Release|Any CPU
		{FEA738B3-0622-4502-9FF3-DC645CFD117B}.Release|Any CPU.Build.0 = Release|Any CPU
		{FEA738B3-0622-4502-9FF3-DC645CFD117B}.Release|Any CPU.Deploy.0 = Release|Any CPU
		{FEA738B3-0622-4502-9FF3-DC645CFD117B}.Release|ARM.ActiveCfg = Release|Any CPU
		{FEA738B3-0622-4502-9FF3-DC645CFD117B}.Release|ARM.Build.0 = Release|Any CPU
		{FEA738B3-0622-4502-9FF3-DC645CFD117B}.Release|ARM.Deploy.0 = Release|Any CPU
		{FEA738B3-0622-4502-9FF3-DC645CFD117B}.Release|x64.ActiveCfg = Release|x64
		{FEA738B3-0622-4502-9FF3-DC645CFD117B}.Release|x64.Build.0 = Release|x64
		{FEA738B3-0622-4502-9FF3-DC645CFD117B}.Release|x64.Deploy.0 = Release|x64
		{FEA738B3-0622-4502-9FF3-DC645CFD117B}.Release|x86.ActiveCfg = Release|x86
		{FEA738B3-0622-4502-9FF3-DC645CFD117B}.Release|x86.Build.0 = Release|x86
		{FEA738B3-0622-4502-9FF3-DC645CFD117B}.Release|x86.Deploy.0 = Release|x86
		{32CE6346-0DF2-4E95-AC20-84534C841CA9}.Debug|Any CPU.ActiveCfg = Debug|Any CPU
		{32CE6346-0DF2-4E95-AC20-84534C841CA9}.Debug|Any CPU.Build.0 = Debug|Any CPU
		{32CE6346-0DF2-4E95-AC20-84534C841CA9}.Debug|ARM.ActiveCfg = Debug|Any CPU
		{32CE6346-0DF2-4E95-AC20-84534C841CA9}.Debug|ARM.Build.0 = Debug|Any CPU
		{32CE6346-0DF2-4E95-AC20-84534C841CA9}.Debug|x64.ActiveCfg = Debug|Any CPU
		{32CE6346-0DF2-4E95-AC20-84534C841CA9}.Debug|x64.Build.0 = Debug|Any CPU
		{32CE6346-0DF2-4E95-AC20-84534C841CA9}.Debug|x86.ActiveCfg = Debug|Any CPU
		{32CE6346-0DF2-4E95-AC20-84534C841CA9}.Debug|x86.Build.0 = Debug|Any CPU
		{32CE6346-0DF2-4E95-AC20-84534C841CA9}.Release|Any CPU.ActiveCfg = Release|Any CPU
		{32CE6346-0DF2-4E95-AC20-84534C841CA9}.Release|Any CPU.Build.0 = Release|Any CPU
		{32CE6346-0DF2-4E95-AC20-84534C841CA9}.Release|ARM.ActiveCfg = Release|Any CPU
		{32CE6346-0DF2-4E95-AC20-84534C841CA9}.Release|ARM.Build.0 = Release|Any CPU
		{32CE6346-0DF2-4E95-AC20-84534C841CA9}.Release|x64.ActiveCfg = Release|Any CPU
		{32CE6346-0DF2-4E95-AC20-84534C841CA9}.Release|x64.Build.0 = Release|Any CPU
		{32CE6346-0DF2-4E95-AC20-84534C841CA9}.Release|x86.ActiveCfg = Release|Any CPU
		{32CE6346-0DF2-4E95-AC20-84534C841CA9}.Release|x86.Build.0 = Release|Any CPU
		{B6E59F67-A27B-434A-81E9-42FA4E352C26}.Debug|Any CPU.ActiveCfg = Debug|Any CPU
		{B6E59F67-A27B-434A-81E9-42FA4E352C26}.Debug|Any CPU.Build.0 = Debug|Any CPU
		{B6E59F67-A27B-434A-81E9-42FA4E352C26}.Debug|Any CPU.Deploy.0 = Debug|Any CPU
		{B6E59F67-A27B-434A-81E9-42FA4E352C26}.Debug|ARM.ActiveCfg = Debug|Any CPU
		{B6E59F67-A27B-434A-81E9-42FA4E352C26}.Debug|ARM.Build.0 = Debug|Any CPU
		{B6E59F67-A27B-434A-81E9-42FA4E352C26}.Debug|ARM.Deploy.0 = Debug|Any CPU
		{B6E59F67-A27B-434A-81E9-42FA4E352C26}.Debug|x64.ActiveCfg = Debug|x64
		{B6E59F67-A27B-434A-81E9-42FA4E352C26}.Debug|x64.Build.0 = Debug|x64
		{B6E59F67-A27B-434A-81E9-42FA4E352C26}.Debug|x64.Deploy.0 = Debug|x64
		{B6E59F67-A27B-434A-81E9-42FA4E352C26}.Debug|x86.ActiveCfg = Debug|x86
		{B6E59F67-A27B-434A-81E9-42FA4E352C26}.Debug|x86.Build.0 = Debug|x86
		{B6E59F67-A27B-434A-81E9-42FA4E352C26}.Debug|x86.Deploy.0 = Debug|x86
		{B6E59F67-A27B-434A-81E9-42FA4E352C26}.Release|Any CPU.ActiveCfg = Release|Any CPU
		{B6E59F67-A27B-434A-81E9-42FA4E352C26}.Release|Any CPU.Build.0 = Release|Any CPU
		{B6E59F67-A27B-434A-81E9-42FA4E352C26}.Release|Any CPU.Deploy.0 = Release|Any CPU
		{B6E59F67-A27B-434A-81E9-42FA4E352C26}.Release|ARM.ActiveCfg = Release|Any CPU
		{B6E59F67-A27B-434A-81E9-42FA4E352C26}.Release|ARM.Build.0 = Release|Any CPU
		{B6E59F67-A27B-434A-81E9-42FA4E352C26}.Release|ARM.Deploy.0 = Release|Any CPU
		{B6E59F67-A27B-434A-81E9-42FA4E352C26}.Release|x64.ActiveCfg = Release|x64
		{B6E59F67-A27B-434A-81E9-42FA4E352C26}.Release|x64.Build.0 = Release|x64
		{B6E59F67-A27B-434A-81E9-42FA4E352C26}.Release|x64.Deploy.0 = Release|x64
		{B6E59F67-A27B-434A-81E9-42FA4E352C26}.Release|x86.ActiveCfg = Release|x86
		{B6E59F67-A27B-434A-81E9-42FA4E352C26}.Release|x86.Build.0 = Release|x86
		{B6E59F67-A27B-434A-81E9-42FA4E352C26}.Release|x86.Deploy.0 = Release|x86
	EndGlobalSection
	GlobalSection(SolutionProperties) = preSolution
		HideSolutionNode = FALSE
	EndGlobalSection
	GlobalSection(ExtensibilityGlobals) = postSolution
		SolutionGuid = {7E2AC324-D267-4C13-A619-D973A1571E46}
	EndGlobalSection
EndGlobal
